
Microsoft Visual Studio Solution File, Format Version 12.00
# Visual Studio 15
VisualStudioVersion = 15.0.28307.1082
MinimumVisualStudioVersion = 10.0.40219.1
Project("{2150E333-8FDC-42A3-9474-1A3956D46DE8}") = "1 - API", "1 - API", "{07C2F8C8-8E92-494A-A25D-76AE50ED3AC5}"
EndProject
Project("{2150E333-8FDC-42A3-9474-1A3956D46DE8}") = "2 - Application", "2 - Application", "{69D6C0C1-BE55-4C07-8BA8-81F8538987BD}"
EndProject
Project("{2150E333-8FDC-42A3-9474-1A3956D46DE8}") = "3 - Domain", "3 - Domain", "{31D86146-7ADE-4C24-9411-393C3D060608}"
EndProject
Project("{2150E333-8FDC-42A3-9474-1A3956D46DE8}") = "4 - Infraestructure", "4 - Infraestructure", "{FCDBD3D0-0CA9-4A0A-AB7E-CB2501D6AC7A}"
EndProject
Project("{2150E333-8FDC-42A3-9474-1A3956D46DE8}") = "4 -1 Data", "4 -1 Data", "{CBB2DDA5-CE21-40B6-B98A-61ADA3AB0ECA}"
EndProject
Project("{2150E333-8FDC-42A3-9474-1A3956D46DE8}") = "4 - 2 CrossCuting", "4 - 2 CrossCuting", "{CAC4A9C7-117F-4D55-B821-A4239E982C59}"
EndProject
Project("{FAE04EC0-301F-11D3-BF4B-00C04F79EFBC}") = "Auth", "Auth\Auth.csproj", "{99EF5630-929B-4A79-96A8-0BF33711E777}"
EndProject
Project("{FAE04EC0-301F-11D3-BF4B-00C04F79EFBC}") = "API", "API\API.csproj", "{84BE92BB-67DC-456F-9FD0-421C1F80A7A6}"
EndProject
Global
	GlobalSection(SolutionConfigurationPlatforms) = preSolution
		Debug|Any CPU = Debug|Any CPU
		Release|Any CPU = Release|Any CPU
	EndGlobalSection
	GlobalSection(ProjectConfigurationPlatforms) = postSolution
		{99EF5630-929B-4A79-96A8-0BF33711E777}.Debug|Any CPU.ActiveCfg = Debug|Any CPU
		{99EF5630-929B-4A79-96A8-0BF33711E777}.Debug|Any CPU.Build.0 = Debug|Any CPU
		{99EF5630-929B-4A79-96A8-0BF33711E777}.Release|Any CPU.ActiveCfg = Release|Any CPU
		{99EF5630-929B-4A79-96A8-0BF33711E777}.Release|Any CPU.Build.0 = Release|Any CPU
		{84BE92BB-67DC-456F-9FD0-421C1F80A7A6}.Debug|Any CPU.ActiveCfg = Debug|Any CPU
		{84BE92BB-67DC-456F-9FD0-421C1F80A7A6}.Debug|Any CPU.Build.0 = Debug|Any CPU
		{84BE92BB-67DC-456F-9FD0-421C1F80A7A6}.Release|Any CPU.ActiveCfg = Release|Any CPU
		{84BE92BB-67DC-456F-9FD0-421C1F80A7A6}.Release|Any CPU.Build.0 = Release|Any CPU
	EndGlobalSection
	GlobalSection(SolutionProperties) = preSolution
		HideSolutionNode = FALSE
	EndGlobalSection
	GlobalSection(NestedProjects) = preSolution
		{CBB2DDA5-CE21-40B6-B98A-61ADA3AB0ECA} = {FCDBD3D0-0CA9-4A0A-AB7E-CB2501D6AC7A}
		{CAC4A9C7-117F-4D55-B821-A4239E982C59} = {FCDBD3D0-0CA9-4A0A-AB7E-CB2501D6AC7A}
		{99EF5630-929B-4A79-96A8-0BF33711E777} = {CAC4A9C7-117F-4D55-B821-A4239E982C59}
		{84BE92BB-67DC-456F-9FD0-421C1F80A7A6} = {07C2F8C8-8E92-494A-A25D-76AE50ED3AC5}
	EndGlobalSection
	GlobalSection(ExtensibilityGlobals) = postSolution
		SolutionGuid = {BF6A2A5D-8BB1-462E-9E7B-7EF07F4AB816}
	EndGlobalSection
EndGlobal
